
Microsoft Visual Studio Solution File, Format Version 12.00
# Visual Studio Version 17
VisualStudioVersion = 17.1.32414.318
MinimumVisualStudioVersion = 10.0.40219.1
Project("{9A19103F-16F7-4668-BE54-9A1E7A4F7556}") = "AspNetServer", "AspNetServer\AspNetServer.csproj", "{7E8D2766-82ED-43F9-A712-4F0FD4AC9CB4}"
EndProject
Project("{2150E333-8FDC-42A3-9474-1A3956D46DE8}") = "Solution Items", "Solution Items", "{83D71EA1-C818-48AE-836E-918D6EDD955D}"
	ProjectSection(SolutionItems) = preProject
		.editorconfig = .editorconfig
	EndProjectSection
EndProject
Global
	GlobalSection(SolutionConfigurationPlatforms) = preSolution
		Debug|Any CPU = Debug|Any CPU
		Release|Any CPU = Release|Any CPU
	EndGlobalSection
	GlobalSection(ProjectConfigurationPlatforms) = postSolution
		{7E8D2766-82ED-43F9-A712-4F0FD4AC9CB4}.Debug|Any CPU.ActiveCfg = Debug|Any CPU
		{7E8D2766-82ED-43F9-A712-4F0FD4AC9CB4}.Debug|Any CPU.Build.0 = Debug|Any CPU
		{7E8D2766-82ED-43F9-A712-4F0FD4AC9CB4}.Release|Any CPU.ActiveCfg = Release|Any CPU
		{7E8D2766-82ED-43F9-A712-4F0FD4AC9CB4}.Release|Any CPU.Build.0 = Release|Any CPU
	EndGlobalSection
	GlobalSection(SolutionProperties) = preSolution
		HideSolutionNode = FALSE
	EndGlobalSection
	GlobalSection(ExtensibilityGlobals) = postSolution
		SolutionGuid = {C210A9E0-C818-4C32-82B1-6DB353C6AE93}
	EndGlobalSection
EndGlobal
